// !$*UTF8*$!
{
	archiveVersion = 1;
	classes = {
	};
	objectVersion = 50;
	objects = {

/* Begin PBXBuildFile section */
		CE70103F20DD8B76009FCAE6 /* AppDelegate.swift in Sources */ = {isa = PBXBuildFile; fileRef = CE70103E20DD8B76009FCAE6 /* AppDelegate.swift */; };
		CE70104120DD8B76009FCAE6 /* ViewController.swift in Sources */ = {isa = PBXBuildFile; fileRef = CE70104020DD8B76009FCAE6 /* ViewController.swift */; };
		CE70104420DD8B76009FCAE6 /* Main.storyboard in Resources */ = {isa = PBXBuildFile; fileRef = CE70104220DD8B76009FCAE6 /* Main.storyboard */; };
		CE70104620DD8B79009FCAE6 /* Assets.xcassets in Resources */ = {isa = PBXBuildFile; fileRef = CE70104520DD8B79009FCAE6 /* Assets.xcassets */; };
		CE70104920DD8B79009FCAE6 /* LaunchScreen.storyboard in Resources */ = {isa = PBXBuildFile; fileRef = CE70104720DD8B79009FCAE6 /* LaunchScreen.storyboard */; };
		CE70105520DD8F50009FCAE6 /* Product.swift in Sources */ = {isa = PBXBuildFile; fileRef = CE70105420DD8F50009FCAE6 /* Product.swift */; };
		CE70105720DD8FAD009FCAE6 /* ProductCell.swift in Sources */ = {isa = PBXBuildFile; fileRef = CE70105620DD8FAD009FCAE6 /* ProductCell.swift */; };
		CE70105920DD93C4009FCAE6 /* AlertService.swift in Sources */ = {isa = PBXBuildFile; fileRef = CE70105820DD93C4009FCAE6 /* AlertService.swift */; };
		CE70105B20DE4D4E009FCAE6 /* UNService.swift in Sources */ = {isa = PBXBuildFile; fileRef = CE70105A20DE4D4E009FCAE6 /* UNService.swift */; };
/* End PBXBuildFile section */

/* Begin PBXFileReference section */
		CE70103B20DD8B76009FCAE6 /* For Sale.app */ = {isa = PBXFileReference; explicitFileType = wrapper.application; includeInIndex = 0; path = "For Sale.app"; sourceTree = BUILT_PRODUCTS_DIR; };
		CE70103E20DD8B76009FCAE6 /* AppDelegate.swift */ = {isa = PBXFileReference; lastKnownFileType = sourcecode.swift; path = AppDelegate.swift; sourceTree = "<group>"; };
		CE70104020DD8B76009FCAE6 /* ViewController.swift */ = {isa = PBXFileReference; lastKnownFileType = sourcecode.swift; path = ViewController.swift; sourceTree = "<group>"; };
		CE70104320DD8B76009FCAE6 /* Base */ = {isa = PBXFileReference; lastKnownFileType = file.storyboard; name = Base; path = Base.lproj/Main.storyboard; sourceTree = "<group>"; };
		CE70104520DD8B79009FCAE6 /* Assets.xcassets */ = {isa = PBXFileReference; lastKnownFileType = folder.assetcatalog; path = Assets.xcassets; sourceTree = "<group>"; };
		CE70104820DD8B79009FCAE6 /* Base */ = {isa = PBXFileReference; lastKnownFileType = file.storyboard; name = Base; path = Base.lproj/LaunchScreen.storyboard; sourceTree = "<group>"; };
		CE70104A20DD8B79009FCAE6 /* Info.plist */ = {isa = PBXFileReference; lastKnownFileType = text.plist.xml; path = Info.plist; sourceTree = "<group>"; };
		CE70105420DD8F50009FCAE6 /* Product.swift */ = {isa = PBXFileReference; lastKnownFileType = sourcecode.swift; path = Product.swift; sourceTree = "<group>"; };
		CE70105620DD8FAD009FCAE6 /* ProductCell.swift */ = {isa = PBXFileReference; lastKnownFileType = sourcecode.swift; path = ProductCell.swift; sourceTree = "<group>"; };
		CE70105820DD93C4009FCAE6 /* AlertService.swift */ = {isa = PBXFileReference; lastKnownFileType = sourcecode.swift; path = AlertService.swift; sourceTree = "<group>"; };
		CE70105A20DE4D4E009FCAE6 /* UNService.swift */ = {isa = PBXFileReference; lastKnownFileType = sourcecode.swift; path = UNService.swift; sourceTree = "<group>"; };
		CE70105C20DE50DB009FCAE6 /* For Sale.entitlements */ = {isa = PBXFileReference; lastKnownFileType = text.plist.entitlements; path = "For Sale.entitlements"; sourceTree = "<group>"; };
/* End PBXFileReference section */

/* Begin PBXFrameworksBuildPhase section */
		CE70103820DD8B76009FCAE6 /* Frameworks */ = {
			isa = PBXFrameworksBuildPhase;
			buildActionMask = 2147483647;
			files = (
			);
			runOnlyForDeploymentPostprocessing = 0;
		};
/* End PBXFrameworksBuildPhase section */

/* Begin PBXGroup section */
		CE70103220DD8B76009FCAE6 = {
			isa = PBXGroup;
			children = (
				CE70103D20DD8B76009FCAE6 /* For Sale */,
				CE70103C20DD8B76009FCAE6 /* Products */,
			);
			sourceTree = "<group>";
		};
		CE70103C20DD8B76009FCAE6 /* Products */ = {
			isa = PBXGroup;
			children = (
				CE70103B20DD8B76009FCAE6 /* For Sale.app */,
			);
			name = Products;
			sourceTree = "<group>";
		};
		CE70103D20DD8B76009FCAE6 /* For Sale */ = {
			isa = PBXGroup;
			children = (
				CE70105C20DE50DB009FCAE6 /* For Sale.entitlements */,
				CE70104A20DD8B79009FCAE6 /* Info.plist */,
				CE70105320DD8BAB009FCAE6 /* Model */,
				CE70105220DD8BA5009FCAE6 /* View */,
				CE70105120DD8B9C009FCAE6 /* Controller */,
				CE70105020DD8B92009FCAE6 /* Service */,
			);
			path = "For Sale";
			sourceTree = "<group>";
		};
		CE70105020DD8B92009FCAE6 /* Service */ = {
			isa = PBXGroup;
			children = (
				CE70105820DD93C4009FCAE6 /* AlertService.swift */,
				CE70105A20DE4D4E009FCAE6 /* UNService.swift */,
			);
			path = Service;
			sourceTree = "<group>";
		};
		CE70105120DD8B9C009FCAE6 /* Controller */ = {
			isa = PBXGroup;
			children = (
				CE70103E20DD8B76009FCAE6 /* AppDelegate.swift */,
				CE70104020DD8B76009FCAE6 /* ViewController.swift */,
			);
			path = Controller;
			sourceTree = "<group>";
		};
		CE70105220DD8BA5009FCAE6 /* View */ = {
			isa = PBXGroup;
			children = (
				CE70104220DD8B76009FCAE6 /* Main.storyboard */,
				CE70104520DD8B79009FCAE6 /* Assets.xcassets */,
				CE70104720DD8B79009FCAE6 /* LaunchScreen.storyboard */,
				CE70105620DD8FAD009FCAE6 /* ProductCell.swift */,
			);
			path = View;
			sourceTree = "<group>";
		};
		CE70105320DD8BAB009FCAE6 /* Model */ = {
			isa = PBXGroup;
			children = (
				CE70105420DD8F50009FCAE6 /* Product.swift */,
			);
			path = Model;
			sourceTree = "<group>";
		};
/* End PBXGroup section */

/* Begin PBXNativeTarget section */
		CE70103A20DD8B76009FCAE6 /* For Sale */ = {
			isa = PBXNativeTarget;
			buildConfigurationList = CE70104D20DD8B79009FCAE6 /* Build configuration list for PBXNativeTarget "For Sale" */;
			buildPhases = (
				CE70103720DD8B76009FCAE6 /* Sources */,
				CE70103820DD8B76009FCAE6 /* Frameworks */,
				CE70103920DD8B76009FCAE6 /* Resources */,
			);
			buildRules = (
			);
			dependencies = (
			);
			name = "For Sale";
			productName = "For Sale";
			productReference = CE70103B20DD8B76009FCAE6 /* For Sale.app */;
			productType = "com.apple.product-type.application";
		};
/* End PBXNativeTarget section */

/* Begin PBXProject section */
		CE70103320DD8B76009FCAE6 /* Project object */ = {
			isa = PBXProject;
			attributes = {
				LastSwiftUpdateCheck = 1000;
				LastUpgradeCheck = 1000;
				ORGANIZATIONNAME = Manosoft;
				TargetAttributes = {
					CE70103A20DD8B76009FCAE6 = {
						CreatedOnToolsVersion = 10.0;
						SystemCapabilities = {
							com.apple.BackgroundModes = {
								enabled = 1;
							};
							com.apple.Push = {
								enabled = 1;
							};
						};
					};
				};
			};
			buildConfigurationList = CE70103620DD8B76009FCAE6 /* Build configuration list for PBXProject "For Sale" */;
			compatibilityVersion = "Xcode 9.3";
			developmentRegion = en;
			hasScannedForEncodings = 0;
			knownRegions = (
				en,
				Base,
			);
			mainGroup = CE70103220DD8B76009FCAE6;
			productRefGroup = CE70103C20DD8B76009FCAE6 /* Products */;
			projectDirPath = "";
			projectRoot = "";
			targets = (
				CE70103A20DD8B76009FCAE6 /* For Sale */,
			);
		};
/* End PBXProject section */

/* Begin PBXResourcesBuildPhase section */
		CE70103920DD8B76009FCAE6 /* Resources */ = {
			isa = PBXResourcesBuildPhase;
			buildActionMask = 2147483647;
			files = (
				CE70104920DD8B79009FCAE6 /* LaunchScreen.storyboard in Resources */,
				CE70104620DD8B79009FCAE6 /* Assets.xcassets in Resources */,
				CE70104420DD8B76009FCAE6 /* Main.storyboard in Resources */,
			);
			runOnlyForDeploymentPostprocessing = 0;
		};
/* End PBXResourcesBuildPhase section */

/* Begin PBXSourcesBuildPhase section */
		CE70103720DD8B76009FCAE6 /* Sources */ = {
			isa = PBXSourcesBuildPhase;
			buildActionMask = 2147483647;
			files = (
				CE70105B20DE4D4E009FCAE6 /* UNService.swift in Sources */,
				CE70104120DD8B76009FCAE6 /* ViewController.swift in Sources */,
				CE70105720DD8FAD009FCAE6 /* ProductCell.swift in Sources */,
				CE70103F20DD8B76009FCAE6 /* AppDelegate.swift in Sources */,
				CE70105520DD8F50009FCAE6 /* Product.swift in Sources */,
				CE70105920DD93C4009FCAE6 /* AlertService.swift in Sources */,
			);
			runOnlyForDeploymentPostprocessing = 0;
		};
/* End PBXSourcesBuildPhase section */

/* Begin PBXVariantGroup section */
		CE70104220DD8B76009FCAE6 /* Main.storyboard */ = {
			isa = PBXVariantGroup;
			children = (
				CE70104320DD8B76009FCAE6 /* Base */,
			);
			name = Main.storyboard;
			sourceTree = "<group>";
		};
		CE70104720DD8B79009FCAE6 /* LaunchScreen.storyboard */ = {
			isa = PBXVariantGroup;
			children = (
				CE70104820DD8B79009FCAE6 /* Base */,
			);
			name = LaunchScreen.storyboard;
			sourceTree = "<group>";
		};
/* End PBXVariantGroup section */

/* Begin XCBuildConfiguration section */
		CE70104B20DD8B79009FCAE6 /* Debug */ = {
			isa = XCBuildConfiguration;
			buildSettings = {
				ALWAYS_SEARCH_USER_PATHS = NO;
				CLANG_ANALYZER_NONNULL = YES;
				CLANG_ANALYZER_NUMBER_OBJECT_CONVERSION = YES_AGGRESSIVE;
				CLANG_CXX_LANGUAGE_STANDARD = "gnu++14";
				CLANG_CXX_LIBRARY = "libc++";
				CLANG_ENABLE_MODULES = YES;
				CLANG_ENABLE_OBJC_ARC = YES;
				CLANG_ENABLE_OBJC_WEAK = YES;
				CLANG_WARN_BLOCK_CAPTURE_AUTORELEASING = YES;
				CLANG_WARN_BOOL_CONVERSION = YES;
				CLANG_WARN_COMMA = YES;
				CLANG_WARN_CONSTANT_CONVERSION = YES;
				CLANG_WARN_DEPRECATED_OBJC_IMPLEMENTATIONS = YES;
				CLANG_WARN_DIRECT_OBJC_ISA_USAGE = YES_ERROR;
				CLANG_WARN_DOCUMENTATION_COMMENTS = YES;
				CLANG_WARN_EMPTY_BODY = YES;
				CLANG_WARN_ENUM_CONVERSION = YES;
				CLANG_WARN_INFINITE_RECURSION = YES;
				CLANG_WARN_INT_CONVERSION = YES;
				CLANG_WARN_NON_LITERAL_NULL_CONVERSION = YES;
				CLANG_WARN_OBJC_IMPLICIT_RETAIN_SELF = YES;
				CLANG_WARN_OBJC_LITERAL_CONVERSION = YES;
				CLANG_WARN_OBJC_ROOT_CLASS = YES_ERROR;
				CLANG_WARN_RANGE_LOOP_ANALYSIS = YES;
				CLANG_WARN_STRICT_PROTOTYPES = YES;
				CLANG_WARN_SUSPICIOUS_MOVE = YES;
				CLANG_WARN_UNGUARDED_AVAILABILITY = YES_AGGRESSIVE;
				CLANG_WARN_UNREACHABLE_CODE = YES;
				CLANG_WARN__DUPLICATE_METHOD_MATCH = YES;
				CODE_SIGN_IDENTITY = "iPhone Developer";
				COPY_PHASE_STRIP = NO;
				DEBUG_INFORMATION_FORMAT = dwarf;
				ENABLE_STRICT_OBJC_MSGSEND = YES;
				ENABLE_TESTABILITY = YES;
				GCC_C_LANGUAGE_STANDARD = gnu11;
				GCC_DYNAMIC_NO_PIC = NO;
				GCC_NO_COMMON_BLOCKS = YES;
				GCC_OPTIMIZATION_LEVEL = 0;
				GCC_PREPROCESSOR_DEFINITIONS = (
					"DEBUG=1",
					"$(inherited)",
				);
				GCC_WARN_64_TO_32_BIT_CONVERSION = YES;
				GCC_WARN_ABOUT_RETURN_TYPE = YES_ERROR;
				GCC_WARN_UNDECLARED_SELECTOR = YES;
				GCC_WARN_UNINITIALIZED_AUTOS = YES_AGGRESSIVE;
				GCC_WARN_UNUSED_FUNCTION = YES;
				GCC_WARN_UNUSED_VARIABLE = YES;
				IPHONEOS_DEPLOYMENT_TARGET = 11.4;
				MTL_ENABLE_DEBUG_INFO = INCLUDE_SOURCE;
				ONLY_ACTIVE_ARCH = YES;
				SDKROOT = iphoneos;
				SWIFT_ACTIVE_COMPILATION_CONDITIONS = DEBUG;
				SWIFT_OPTIMIZATION_LEVEL = "-Onone";
			};
			name = Debug;
		};
		CE70104C20DD8B79009FCAE6 /* Release */ = {
			isa = XCBuildConfiguration;
			buildSettings = {
				ALWAYS_SEARCH_USER_PATHS = NO;
				CLANG_ANALYZER_NONNULL = YES;
				CLANG_ANALYZER_NUMBER_OBJECT_CONVERSION = YES_AGGRESSIVE;
				CLANG_CXX_LANGUAGE_STANDARD = "gnu++14";
				CLANG_CXX_LIBRARY = "libc++";
				CLANG_ENABLE_MODULES = YES;
				CLANG_ENABLE_OBJC_ARC = YES;
				CLANG_ENABLE_OBJC_WEAK = YES;
				CLANG_WARN_BLOCK_CAPTURE_AUTORELEASING = YES;
				CLANG_WARN_BOOL_CONVERSION = YES;
				CLANG_WARN_COMMA = YES;
				CLANG_WARN_CONSTANT_CONVERSION = YES;
				CLANG_WARN_DEPRECATED_OBJC_IMPLEMENTATIONS = YES;
				CLANG_WARN_DIRECT_OBJC_ISA_USAGE = YES_ERROR;
				CLANG_WARN_DOCUMENTATION_COMMENTS = YES;
				CLANG_WARN_EMPTY_BODY = YES;
				CLANG_WARN_ENUM_CONVERSION = YES;
				CLANG_WARN_INFINITE_RECURSION = YES;
				CLANG_WARN_INT_CONVERSION = YES;
				CLANG_WARN_NON_LITERAL_NULL_CONVERSION = YES;
				CLANG_WARN_OBJC_IMPLICIT_RETAIN_SELF = YES;
				CLANG_WARN_OBJC_LITERAL_CONVERSION = YES;
				CLANG_WARN_OBJC_ROOT_CLASS = YES_ERROR;
				CLANG_WARN_RANGE_LOOP_ANALYSIS = YES;
				CLANG_WARN_STRICT_PROTOTYPES = YES;
				CLANG_WARN_SUSPICIOUS_MOVE = YES;
				CLANG_WARN_UNGUARDED_AVAILABILITY = YES_AGGRESSIVE;
				CLANG_WARN_UNREACHABLE_CODE = YES;
				CLANG_WARN__DUPLICATE_METHOD_MATCH = YES;
				CODE_SIGN_IDENTITY = "iPhone Developer";
				COPY_PHASE_STRIP = NO;
				DEBUG_INFORMATION_FORMAT = "dwarf-with-dsym";
				ENABLE_NS_ASSERTIONS = NO;
				ENABLE_STRICT_OBJC_MSGSEND = YES;
				GCC_C_LANGUAGE_STANDARD = gnu11;
				GCC_NO_COMMON_BLOCKS = YES;
				GCC_WARN_64_TO_32_BIT_CONVERSION = YES;
				GCC_WARN_ABOUT_RETURN_TYPE = YES_ERROR;
				GCC_WARN_UNDECLARED_SELECTOR = YES;
				GCC_WARN_UNINITIALIZED_AUTOS = YES_AGGRESSIVE;
				GCC_WARN_UNUSED_FUNCTION = YES;
				GCC_WARN_UNUSED_VARIABLE = YES;
				IPHONEOS_DEPLOYMENT_TARGET = 11.4;
				MTL_ENABLE_DEBUG_INFO = NO;
				SDKROOT = iphoneos;
				SWIFT_COMPILATION_MODE = wholemodule;
				SWIFT_OPTIMIZATION_LEVEL = "-O";
				VALIDATE_PRODUCT = YES;
			};
			name = Release;
		};
		CE70104E20DD8B79009FCAE6 /* Debug */ = {
			isa = XCBuildConfiguration;
			buildSettings = {
				ASSETCATALOG_COMPILER_APPICON_NAME = AppIcon;
				CODE_SIGN_ENTITLEMENTS = "For Sale/For Sale.entitlements";
				CODE_SIGN_STYLE = Automatic;
				DEVELOPMENT_TEAM = PU53562856;
				INFOPLIST_FILE = "For Sale/Info.plist";
				LD_RUNPATH_SEARCH_PATHS = (
					"$(inherited)",
					"@executable_path/Frameworks",
				);
				PRODUCT_BUNDLE_IDENTIFIER = "co.uk.manosoft.For-Sale";
				PRODUCT_NAME = "$(TARGET_NAME)";
				SWIFT_VERSION = 4.2;
				TARGETED_DEVICE_FAMILY = "1,2";
			};
			name = Debug;
		};
		CE70104F20DD8B79009FCAE6 /* Release */ = {
			isa = XCBuildConfiguration;
			buildSettings = {
				ASSETCATALOG_COMPILER_APPICON_NAME = AppIcon;
				CODE_SIGN_ENTITLEMENTS = "For Sale/For Sale.entitlements";
				CODE_SIGN_STYLE = Automatic;
				DEVELOPMENT_TEAM = PU53562856;
				INFOPLIST_FILE = "For Sale/Info.plist";
				LD_RUNPATH_SEARCH_PATHS = (
					"$(inherited)",
					"@executable_path/Frameworks",
				);
				PRODUCT_BUNDLE_IDENTIFIER = "co.uk.manosoft.For-Sale";
				PRODUCT_NAME = "$(TARGET_NAME)";
				SWIFT_VERSION = 4.2;
				TARGETED_DEVICE_FAMILY = "1,2";
			};
			name = Release;
		};
/* End XCBuildConfiguration section */

/* Begin XCConfigurationList section */
		CE70103620DD8B76009FCAE6 /* Build configuration list for PBXProject "For Sale" */ = {
			isa = XCConfigurationList;
			buildConfigurations = (
				CE70104B20DD8B79009FCAE6 /* Debug */,
				CE70104C20DD8B79009FCAE6 /* Release */,
			);
			defaultConfigurationIsVisible = 0;
			defaultConfigurationName = Release;
		};
		CE70104D20DD8B79009FCAE6 /* Build configuration list for PBXNativeTarget "For Sale" */ = {
			isa = XCConfigurationList;
			buildConfigurations = (
				CE70104E20DD8B79009FCAE6 /* Debug */,
				CE70104F20DD8B79009FCAE6 /* Release */,
			);
			defaultConfigurationIsVisible = 0;
			defaultConfigurationName = Release;
		};
/* End XCConfigurationList section */
	};
	rootObject = CE70103320DD8B76009FCAE6 /* Project object */;
}
